
Microsoft Visual Studio Solution File, Format Version 12.00
# Visual Studio 15
VisualStudioVersion = 15.0.26124.0
MinimumVisualStudioVersion = 15.0.26124.0
Project("{2150E333-8FDC-42A3-9474-1A3956D46DE8}") = "tests", "tests", "{D8FB2910-4774-43DD-BEA3-9759B40A3ADA}"
EndProject
Project("{FAE04EC0-301F-11D3-BF4B-00C04F79EFBC}") = "Auction.Buddy.Acceptance.Tests", "tests\Auction.Buddy.Acceptance.Tests\Auction.Buddy.Acceptance.Tests.csproj", "{75FE04B9-3279-4BB5-895B-E62ECBAA6259}"
EndProject
Project("{2150E333-8FDC-42A3-9474-1A3956D46DE8}") = "src", "src", "{FBDA1460-6E51-409C-9DB1-565B81A20831}"
EndProject
Project("{FAE04EC0-301F-11D3-BF4B-00C04F79EFBC}") = "Auction.Buddy.Web", "src\Auction.Buddy.Web\Auction.Buddy.Web.csproj", "{8AD19DFF-C363-42BC-8DDE-D7ECB48F1AE9}"
EndProject
Project("{FAE04EC0-301F-11D3-BF4B-00C04F79EFBC}") = "Auction.Buddy.Core", "src\Auction.Buddy.Core\Auction.Buddy.Core.csproj", "{B8DD59FA-3B33-4D3B-9766-782E58B355F4}"
EndProject
Project("{FAE04EC0-301F-11D3-BF4B-00C04F79EFBC}") = "Auction.Buddy.Unit.Tests", "tests\Auction.Buddy.Unit.Tests\Auction.Buddy.Unit.Tests.csproj", "{B780FA80-2491-4F8A-87F2-ADC8553133FB}"
EndProject
Project("{2150E333-8FDC-42A3-9474-1A3956D46DE8}") = ".git", ".git", "{07AC863D-F018-4D78-B698-441AACBC60AF}"
ProjectSection(SolutionItems) = preProject
	.gitignore = .gitignore
EndProjectSection
EndProject
Project("{FAE04EC0-301F-11D3-BF4B-00C04F79EFBC}") = "Auction.Buddy.Fake.IdentityServer", "tests\Auction.Buddy.Fake.IdentityServer\Auction.Buddy.Fake.IdentityServer.csproj", "{5D653723-C9BD-4AAC-835D-7E836588BF31}"
EndProject
Project("{2150E333-8FDC-42A3-9474-1A3956D46DE8}") = ".build", ".build", "{5A400B83-66BD-4364-9B49-BECE66692D15}"
ProjectSection(SolutionItems) = preProject
	azure-pipelines.yml = azure-pipelines.yml
EndProjectSection
EndProject
Global
	GlobalSection(SolutionConfigurationPlatforms) = preSolution
		Debug|Any CPU = Debug|Any CPU
		Debug|x64 = Debug|x64
		Debug|x86 = Debug|x86
		Release|Any CPU = Release|Any CPU
		Release|x64 = Release|x64
		Release|x86 = Release|x86
	EndGlobalSection
	GlobalSection(SolutionProperties) = preSolution
		HideSolutionNode = FALSE
	EndGlobalSection
	GlobalSection(ProjectConfigurationPlatforms) = postSolution
		{75FE04B9-3279-4BB5-895B-E62ECBAA6259}.Debug|Any CPU.ActiveCfg = Debug|Any CPU
		{75FE04B9-3279-4BB5-895B-E62ECBAA6259}.Debug|Any CPU.Build.0 = Debug|Any CPU
		{75FE04B9-3279-4BB5-895B-E62ECBAA6259}.Debug|x64.ActiveCfg = Debug|Any CPU
		{75FE04B9-3279-4BB5-895B-E62ECBAA6259}.Debug|x64.Build.0 = Debug|Any CPU
		{75FE04B9-3279-4BB5-895B-E62ECBAA6259}.Debug|x86.ActiveCfg = Debug|Any CPU
		{75FE04B9-3279-4BB5-895B-E62ECBAA6259}.Debug|x86.Build.0 = Debug|Any CPU
		{75FE04B9-3279-4BB5-895B-E62ECBAA6259}.Release|Any CPU.ActiveCfg = Release|Any CPU
		{75FE04B9-3279-4BB5-895B-E62ECBAA6259}.Release|Any CPU.Build.0 = Release|Any CPU
		{75FE04B9-3279-4BB5-895B-E62ECBAA6259}.Release|x64.ActiveCfg = Release|Any CPU
		{75FE04B9-3279-4BB5-895B-E62ECBAA6259}.Release|x64.Build.0 = Release|Any CPU
		{75FE04B9-3279-4BB5-895B-E62ECBAA6259}.Release|x86.ActiveCfg = Release|Any CPU
		{75FE04B9-3279-4BB5-895B-E62ECBAA6259}.Release|x86.Build.0 = Release|Any CPU
		{8AD19DFF-C363-42BC-8DDE-D7ECB48F1AE9}.Debug|Any CPU.ActiveCfg = Debug|Any CPU
		{8AD19DFF-C363-42BC-8DDE-D7ECB48F1AE9}.Debug|Any CPU.Build.0 = Debug|Any CPU
		{8AD19DFF-C363-42BC-8DDE-D7ECB48F1AE9}.Debug|x64.ActiveCfg = Debug|Any CPU
		{8AD19DFF-C363-42BC-8DDE-D7ECB48F1AE9}.Debug|x64.Build.0 = Debug|Any CPU
		{8AD19DFF-C363-42BC-8DDE-D7ECB48F1AE9}.Debug|x86.ActiveCfg = Debug|Any CPU
		{8AD19DFF-C363-42BC-8DDE-D7ECB48F1AE9}.Debug|x86.Build.0 = Debug|Any CPU
		{8AD19DFF-C363-42BC-8DDE-D7ECB48F1AE9}.Release|Any CPU.ActiveCfg = Release|Any CPU
		{8AD19DFF-C363-42BC-8DDE-D7ECB48F1AE9}.Release|Any CPU.Build.0 = Release|Any CPU
		{8AD19DFF-C363-42BC-8DDE-D7ECB48F1AE9}.Release|x64.ActiveCfg = Release|Any CPU
		{8AD19DFF-C363-42BC-8DDE-D7ECB48F1AE9}.Release|x64.Build.0 = Release|Any CPU
		{8AD19DFF-C363-42BC-8DDE-D7ECB48F1AE9}.Release|x86.ActiveCfg = Release|Any CPU
		{8AD19DFF-C363-42BC-8DDE-D7ECB48F1AE9}.Release|x86.Build.0 = Release|Any CPU
		{B8DD59FA-3B33-4D3B-9766-782E58B355F4}.Debug|Any CPU.ActiveCfg = Debug|Any CPU
		{B8DD59FA-3B33-4D3B-9766-782E58B355F4}.Debug|Any CPU.Build.0 = Debug|Any CPU
		{B8DD59FA-3B33-4D3B-9766-782E58B355F4}.Debug|x64.ActiveCfg = Debug|Any CPU
		{B8DD59FA-3B33-4D3B-9766-782E58B355F4}.Debug|x64.Build.0 = Debug|Any CPU
		{B8DD59FA-3B33-4D3B-9766-782E58B355F4}.Debug|x86.ActiveCfg = Debug|Any CPU
		{B8DD59FA-3B33-4D3B-9766-782E58B355F4}.Debug|x86.Build.0 = Debug|Any CPU
		{B8DD59FA-3B33-4D3B-9766-782E58B355F4}.Release|Any CPU.ActiveCfg = Release|Any CPU
		{B8DD59FA-3B33-4D3B-9766-782E58B355F4}.Release|Any CPU.Build.0 = Release|Any CPU
		{B8DD59FA-3B33-4D3B-9766-782E58B355F4}.Release|x64.ActiveCfg = Release|Any CPU
		{B8DD59FA-3B33-4D3B-9766-782E58B355F4}.Release|x64.Build.0 = Release|Any CPU
		{B8DD59FA-3B33-4D3B-9766-782E58B355F4}.Release|x86.ActiveCfg = Release|Any CPU
		{B8DD59FA-3B33-4D3B-9766-782E58B355F4}.Release|x86.Build.0 = Release|Any CPU
		{B780FA80-2491-4F8A-87F2-ADC8553133FB}.Debug|Any CPU.ActiveCfg = Debug|Any CPU
		{B780FA80-2491-4F8A-87F2-ADC8553133FB}.Debug|Any CPU.Build.0 = Debug|Any CPU
		{B780FA80-2491-4F8A-87F2-ADC8553133FB}.Debug|x64.ActiveCfg = Debug|Any CPU
		{B780FA80-2491-4F8A-87F2-ADC8553133FB}.Debug|x64.Build.0 = Debug|Any CPU
		{B780FA80-2491-4F8A-87F2-ADC8553133FB}.Debug|x86.ActiveCfg = Debug|Any CPU
		{B780FA80-2491-4F8A-87F2-ADC8553133FB}.Debug|x86.Build.0 = Debug|Any CPU
		{B780FA80-2491-4F8A-87F2-ADC8553133FB}.Release|Any CPU.ActiveCfg = Release|Any CPU
		{B780FA80-2491-4F8A-87F2-ADC8553133FB}.Release|Any CPU.Build.0 = Release|Any CPU
		{B780FA80-2491-4F8A-87F2-ADC8553133FB}.Release|x64.ActiveCfg = Release|Any CPU
		{B780FA80-2491-4F8A-87F2-ADC8553133FB}.Release|x64.Build.0 = Release|Any CPU
		{B780FA80-2491-4F8A-87F2-ADC8553133FB}.Release|x86.ActiveCfg = Release|Any CPU
		{B780FA80-2491-4F8A-87F2-ADC8553133FB}.Release|x86.Build.0 = Release|Any CPU
		{5D653723-C9BD-4AAC-835D-7E836588BF31}.Debug|Any CPU.ActiveCfg = Debug|Any CPU
		{5D653723-C9BD-4AAC-835D-7E836588BF31}.Debug|Any CPU.Build.0 = Debug|Any CPU
		{5D653723-C9BD-4AAC-835D-7E836588BF31}.Debug|x64.ActiveCfg = Debug|Any CPU
		{5D653723-C9BD-4AAC-835D-7E836588BF31}.Debug|x64.Build.0 = Debug|Any CPU
		{5D653723-C9BD-4AAC-835D-7E836588BF31}.Debug|x86.ActiveCfg = Debug|Any CPU
		{5D653723-C9BD-4AAC-835D-7E836588BF31}.Debug|x86.Build.0 = Debug|Any CPU
		{5D653723-C9BD-4AAC-835D-7E836588BF31}.Release|Any CPU.ActiveCfg = Release|Any CPU
		{5D653723-C9BD-4AAC-835D-7E836588BF31}.Release|Any CPU.Build.0 = Release|Any CPU
		{5D653723-C9BD-4AAC-835D-7E836588BF31}.Release|x64.ActiveCfg = Release|Any CPU
		{5D653723-C9BD-4AAC-835D-7E836588BF31}.Release|x64.Build.0 = Release|Any CPU
		{5D653723-C9BD-4AAC-835D-7E836588BF31}.Release|x86.ActiveCfg = Release|Any CPU
		{5D653723-C9BD-4AAC-835D-7E836588BF31}.Release|x86.Build.0 = Release|Any CPU
	EndGlobalSection
	GlobalSection(NestedProjects) = preSolution
		{75FE04B9-3279-4BB5-895B-E62ECBAA6259} = {D8FB2910-4774-43DD-BEA3-9759B40A3ADA}
		{8AD19DFF-C363-42BC-8DDE-D7ECB48F1AE9} = {FBDA1460-6E51-409C-9DB1-565B81A20831}
		{B8DD59FA-3B33-4D3B-9766-782E58B355F4} = {FBDA1460-6E51-409C-9DB1-565B81A20831}
		{B780FA80-2491-4F8A-87F2-ADC8553133FB} = {D8FB2910-4774-43DD-BEA3-9759B40A3ADA}
		{5D653723-C9BD-4AAC-835D-7E836588BF31} = {D8FB2910-4774-43DD-BEA3-9759B40A3ADA}
	EndGlobalSection
EndGlobal
