
Microsoft Visual Studio Solution File, Format Version 12.00
# Visual Studio 15
VisualStudioVersion = 15.0.26124.0
MinimumVisualStudioVersion = 15.0.26124.0
Project("{2150E333-8FDC-42A3-9474-1A3956D46DE8}") = "src", "src", "{23AE586E-C2DC-4C6B-98CF-9FFF8BF58EC1}"
EndProject
Project("{FAE04EC0-301F-11D3-BF4B-00C04F79EFBC}") = "Auction.Buddy.Core", "src\Auction.Buddy.Core\Auction.Buddy.Core.csproj", "{6B9E2CB5-5614-4029-ACEA-C8974ACA79CD}"
EndProject
Project("{FAE04EC0-301F-11D3-BF4B-00C04F79EFBC}") = "Auction.Buddy.Api", "src\Auction.Buddy.Api\Auction.Buddy.Api.csproj", "{759CC61F-D4BA-43CE-9CC9-63B3C653D13E}"
EndProject
Project("{2150E333-8FDC-42A3-9474-1A3956D46DE8}") = "tests", "tests", "{56343812-E284-48DE-94A6-638B9C766D1C}"
EndProject
Project("{FAE04EC0-301F-11D3-BF4B-00C04F79EFBC}") = "Auction.Buddy.Core.Test", "tests\Auction.Buddy.Core.Test\Auction.Buddy.Core.Test.csproj", "{EC613891-7007-47F7-962E-53778F1D4939}"
EndProject
Project("{2150E333-8FDC-42A3-9474-1A3956D46DE8}") = "infrastructure", "infrastructure", "{19263CB8-B4AB-4898-8F59-C4A90F825F59}"
EndProject
Project("{FAE04EC0-301F-11D3-BF4B-00C04F79EFBC}") = "Auction.Buddy.Infrastructure", "infrastructure\Auction.Buddy.Infrastructure\Auction.Buddy.Infrastructure.csproj", "{2DC1F5C8-6302-4287-B970-EAF9545BD329}"
EndProject
Project("{FAE04EC0-301F-11D3-BF4B-00C04F79EFBC}") = "Auction.Buddy.Acceptance", "tests\Auction.Buddy.Acceptance\Auction.Buddy.Acceptance.csproj", "{8BD6A16C-4B38-4708-A27A-CD8A0953510C}"
EndProject
Project("{2150E333-8FDC-42A3-9474-1A3956D46DE8}") = ".git", ".git", "{96319B71-910B-4BCD-97C2-198409355DA3}"
	ProjectSection(SolutionItems) = preProject
		.gitignore = .gitignore
	EndProjectSection
EndProject
Project("{FAE04EC0-301F-11D3-BF4B-00C04F79EFBC}") = "Auction.Buddy.Persistence", "src\Auction.Buddy.Persistence\Auction.Buddy.Persistence.csproj", "{F637141C-A88F-485E-AEEF-2E3DE854256E}"
EndProject
Project("{2150E333-8FDC-42A3-9474-1A3956D46DE8}") = ".build", ".build", "{CDCD2B16-7216-49A3-8C16-E1E90B5E9984}"
	ProjectSection(SolutionItems) = preProject
		ef-dependency.xml = ef-dependency.xml
		azure-pipelines.yml = azure-pipelines.yml
		global.json = global.json
		.github\workflows\main.yml = .github\workflows\main.yml
	EndProjectSection
EndProject
Project("{2150E333-8FDC-42A3-9474-1A3956D46DE8}") = ".docs", ".docs", "{46F473DD-6F09-464B-B997-78868AFE2FB8}"
	ProjectSection(SolutionItems) = preProject
		readme.md = readme.md
	EndProjectSection
EndProject
Project("{FAE04EC0-301F-11D3-BF4B-00C04F79EFBC}") = "Auction.Buddy.Web", "src\Auction.Buddy.Web\Auction.Buddy.Web.csproj", "{EACFCC69-3FC1-410B-BAFC-9B6D96AA5B0B}"
EndProject
Global
	GlobalSection(SolutionConfigurationPlatforms) = preSolution
		Debug|Any CPU = Debug|Any CPU
		Debug|x64 = Debug|x64
		Debug|x86 = Debug|x86
		Release|Any CPU = Release|Any CPU
		Release|x64 = Release|x64
		Release|x86 = Release|x86
	EndGlobalSection
	GlobalSection(SolutionProperties) = preSolution
		HideSolutionNode = FALSE
	EndGlobalSection
	GlobalSection(ProjectConfigurationPlatforms) = postSolution
		{6B9E2CB5-5614-4029-ACEA-C8974ACA79CD}.Debug|Any CPU.ActiveCfg = Debug|Any CPU
		{6B9E2CB5-5614-4029-ACEA-C8974ACA79CD}.Debug|Any CPU.Build.0 = Debug|Any CPU
		{6B9E2CB5-5614-4029-ACEA-C8974ACA79CD}.Debug|x64.ActiveCfg = Debug|Any CPU
		{6B9E2CB5-5614-4029-ACEA-C8974ACA79CD}.Debug|x64.Build.0 = Debug|Any CPU
		{6B9E2CB5-5614-4029-ACEA-C8974ACA79CD}.Debug|x86.ActiveCfg = Debug|Any CPU
		{6B9E2CB5-5614-4029-ACEA-C8974ACA79CD}.Debug|x86.Build.0 = Debug|Any CPU
		{6B9E2CB5-5614-4029-ACEA-C8974ACA79CD}.Release|Any CPU.ActiveCfg = Release|Any CPU
		{6B9E2CB5-5614-4029-ACEA-C8974ACA79CD}.Release|Any CPU.Build.0 = Release|Any CPU
		{6B9E2CB5-5614-4029-ACEA-C8974ACA79CD}.Release|x64.ActiveCfg = Release|Any CPU
		{6B9E2CB5-5614-4029-ACEA-C8974ACA79CD}.Release|x64.Build.0 = Release|Any CPU
		{6B9E2CB5-5614-4029-ACEA-C8974ACA79CD}.Release|x86.ActiveCfg = Release|Any CPU
		{6B9E2CB5-5614-4029-ACEA-C8974ACA79CD}.Release|x86.Build.0 = Release|Any CPU
		{759CC61F-D4BA-43CE-9CC9-63B3C653D13E}.Debug|Any CPU.ActiveCfg = Debug|Any CPU
		{759CC61F-D4BA-43CE-9CC9-63B3C653D13E}.Debug|Any CPU.Build.0 = Debug|Any CPU
		{759CC61F-D4BA-43CE-9CC9-63B3C653D13E}.Debug|x64.ActiveCfg = Debug|Any CPU
		{759CC61F-D4BA-43CE-9CC9-63B3C653D13E}.Debug|x64.Build.0 = Debug|Any CPU
		{759CC61F-D4BA-43CE-9CC9-63B3C653D13E}.Debug|x86.ActiveCfg = Debug|Any CPU
		{759CC61F-D4BA-43CE-9CC9-63B3C653D13E}.Debug|x86.Build.0 = Debug|Any CPU
		{759CC61F-D4BA-43CE-9CC9-63B3C653D13E}.Release|Any CPU.ActiveCfg = Release|Any CPU
		{759CC61F-D4BA-43CE-9CC9-63B3C653D13E}.Release|Any CPU.Build.0 = Release|Any CPU
		{759CC61F-D4BA-43CE-9CC9-63B3C653D13E}.Release|x64.ActiveCfg = Release|Any CPU
		{759CC61F-D4BA-43CE-9CC9-63B3C653D13E}.Release|x64.Build.0 = Release|Any CPU
		{759CC61F-D4BA-43CE-9CC9-63B3C653D13E}.Release|x86.ActiveCfg = Release|Any CPU
		{759CC61F-D4BA-43CE-9CC9-63B3C653D13E}.Release|x86.Build.0 = Release|Any CPU
		{EC613891-7007-47F7-962E-53778F1D4939}.Debug|Any CPU.ActiveCfg = Debug|Any CPU
		{EC613891-7007-47F7-962E-53778F1D4939}.Debug|Any CPU.Build.0 = Debug|Any CPU
		{EC613891-7007-47F7-962E-53778F1D4939}.Debug|x64.ActiveCfg = Debug|Any CPU
		{EC613891-7007-47F7-962E-53778F1D4939}.Debug|x64.Build.0 = Debug|Any CPU
		{EC613891-7007-47F7-962E-53778F1D4939}.Debug|x86.ActiveCfg = Debug|Any CPU
		{EC613891-7007-47F7-962E-53778F1D4939}.Debug|x86.Build.0 = Debug|Any CPU
		{EC613891-7007-47F7-962E-53778F1D4939}.Release|Any CPU.ActiveCfg = Release|Any CPU
		{EC613891-7007-47F7-962E-53778F1D4939}.Release|Any CPU.Build.0 = Release|Any CPU
		{EC613891-7007-47F7-962E-53778F1D4939}.Release|x64.ActiveCfg = Release|Any CPU
		{EC613891-7007-47F7-962E-53778F1D4939}.Release|x64.Build.0 = Release|Any CPU
		{EC613891-7007-47F7-962E-53778F1D4939}.Release|x86.ActiveCfg = Release|Any CPU
		{EC613891-7007-47F7-962E-53778F1D4939}.Release|x86.Build.0 = Release|Any CPU
		{2DC1F5C8-6302-4287-B970-EAF9545BD329}.Debug|Any CPU.ActiveCfg = Debug|Any CPU
		{2DC1F5C8-6302-4287-B970-EAF9545BD329}.Debug|Any CPU.Build.0 = Debug|Any CPU
		{2DC1F5C8-6302-4287-B970-EAF9545BD329}.Debug|x64.ActiveCfg = Debug|Any CPU
		{2DC1F5C8-6302-4287-B970-EAF9545BD329}.Debug|x64.Build.0 = Debug|Any CPU
		{2DC1F5C8-6302-4287-B970-EAF9545BD329}.Debug|x86.ActiveCfg = Debug|Any CPU
		{2DC1F5C8-6302-4287-B970-EAF9545BD329}.Debug|x86.Build.0 = Debug|Any CPU
		{2DC1F5C8-6302-4287-B970-EAF9545BD329}.Release|Any CPU.ActiveCfg = Release|Any CPU
		{2DC1F5C8-6302-4287-B970-EAF9545BD329}.Release|Any CPU.Build.0 = Release|Any CPU
		{2DC1F5C8-6302-4287-B970-EAF9545BD329}.Release|x64.ActiveCfg = Release|Any CPU
		{2DC1F5C8-6302-4287-B970-EAF9545BD329}.Release|x64.Build.0 = Release|Any CPU
		{2DC1F5C8-6302-4287-B970-EAF9545BD329}.Release|x86.ActiveCfg = Release|Any CPU
		{2DC1F5C8-6302-4287-B970-EAF9545BD329}.Release|x86.Build.0 = Release|Any CPU
		{8BD6A16C-4B38-4708-A27A-CD8A0953510C}.Debug|Any CPU.ActiveCfg = Debug|Any CPU
		{8BD6A16C-4B38-4708-A27A-CD8A0953510C}.Debug|Any CPU.Build.0 = Debug|Any CPU
		{8BD6A16C-4B38-4708-A27A-CD8A0953510C}.Debug|x64.ActiveCfg = Debug|Any CPU
		{8BD6A16C-4B38-4708-A27A-CD8A0953510C}.Debug|x64.Build.0 = Debug|Any CPU
		{8BD6A16C-4B38-4708-A27A-CD8A0953510C}.Debug|x86.ActiveCfg = Debug|Any CPU
		{8BD6A16C-4B38-4708-A27A-CD8A0953510C}.Debug|x86.Build.0 = Debug|Any CPU
		{8BD6A16C-4B38-4708-A27A-CD8A0953510C}.Release|Any CPU.ActiveCfg = Release|Any CPU
		{8BD6A16C-4B38-4708-A27A-CD8A0953510C}.Release|Any CPU.Build.0 = Release|Any CPU
		{8BD6A16C-4B38-4708-A27A-CD8A0953510C}.Release|x64.ActiveCfg = Release|Any CPU
		{8BD6A16C-4B38-4708-A27A-CD8A0953510C}.Release|x64.Build.0 = Release|Any CPU
		{8BD6A16C-4B38-4708-A27A-CD8A0953510C}.Release|x86.ActiveCfg = Release|Any CPU
		{8BD6A16C-4B38-4708-A27A-CD8A0953510C}.Release|x86.Build.0 = Release|Any CPU
		{F637141C-A88F-485E-AEEF-2E3DE854256E}.Debug|Any CPU.ActiveCfg = Debug|Any CPU
		{F637141C-A88F-485E-AEEF-2E3DE854256E}.Debug|Any CPU.Build.0 = Debug|Any CPU
		{F637141C-A88F-485E-AEEF-2E3DE854256E}.Debug|x64.ActiveCfg = Debug|Any CPU
		{F637141C-A88F-485E-AEEF-2E3DE854256E}.Debug|x64.Build.0 = Debug|Any CPU
		{F637141C-A88F-485E-AEEF-2E3DE854256E}.Debug|x86.ActiveCfg = Debug|Any CPU
		{F637141C-A88F-485E-AEEF-2E3DE854256E}.Debug|x86.Build.0 = Debug|Any CPU
		{F637141C-A88F-485E-AEEF-2E3DE854256E}.Release|Any CPU.ActiveCfg = Release|Any CPU
		{F637141C-A88F-485E-AEEF-2E3DE854256E}.Release|Any CPU.Build.0 = Release|Any CPU
		{F637141C-A88F-485E-AEEF-2E3DE854256E}.Release|x64.ActiveCfg = Release|Any CPU
		{F637141C-A88F-485E-AEEF-2E3DE854256E}.Release|x64.Build.0 = Release|Any CPU
		{F637141C-A88F-485E-AEEF-2E3DE854256E}.Release|x86.ActiveCfg = Release|Any CPU
		{F637141C-A88F-485E-AEEF-2E3DE854256E}.Release|x86.Build.0 = Release|Any CPU
		{EACFCC69-3FC1-410B-BAFC-9B6D96AA5B0B}.Debug|Any CPU.ActiveCfg = Debug|Any CPU
		{EACFCC69-3FC1-410B-BAFC-9B6D96AA5B0B}.Debug|Any CPU.Build.0 = Debug|Any CPU
		{EACFCC69-3FC1-410B-BAFC-9B6D96AA5B0B}.Debug|x64.ActiveCfg = Debug|Any CPU
		{EACFCC69-3FC1-410B-BAFC-9B6D96AA5B0B}.Debug|x64.Build.0 = Debug|Any CPU
		{EACFCC69-3FC1-410B-BAFC-9B6D96AA5B0B}.Debug|x86.ActiveCfg = Debug|Any CPU
		{EACFCC69-3FC1-410B-BAFC-9B6D96AA5B0B}.Debug|x86.Build.0 = Debug|Any CPU
		{EACFCC69-3FC1-410B-BAFC-9B6D96AA5B0B}.Release|Any CPU.ActiveCfg = Release|Any CPU
		{EACFCC69-3FC1-410B-BAFC-9B6D96AA5B0B}.Release|Any CPU.Build.0 = Release|Any CPU
		{EACFCC69-3FC1-410B-BAFC-9B6D96AA5B0B}.Release|x64.ActiveCfg = Release|Any CPU
		{EACFCC69-3FC1-410B-BAFC-9B6D96AA5B0B}.Release|x64.Build.0 = Release|Any CPU
		{EACFCC69-3FC1-410B-BAFC-9B6D96AA5B0B}.Release|x86.ActiveCfg = Release|Any CPU
		{EACFCC69-3FC1-410B-BAFC-9B6D96AA5B0B}.Release|x86.Build.0 = Release|Any CPU
	EndGlobalSection
	GlobalSection(NestedProjects) = preSolution
		{6B9E2CB5-5614-4029-ACEA-C8974ACA79CD} = {23AE586E-C2DC-4C6B-98CF-9FFF8BF58EC1}
		{759CC61F-D4BA-43CE-9CC9-63B3C653D13E} = {23AE586E-C2DC-4C6B-98CF-9FFF8BF58EC1}
		{EC613891-7007-47F7-962E-53778F1D4939} = {56343812-E284-48DE-94A6-638B9C766D1C}
		{2DC1F5C8-6302-4287-B970-EAF9545BD329} = {19263CB8-B4AB-4898-8F59-C4A90F825F59}
		{8BD6A16C-4B38-4708-A27A-CD8A0953510C} = {56343812-E284-48DE-94A6-638B9C766D1C}
		{F637141C-A88F-485E-AEEF-2E3DE854256E} = {23AE586E-C2DC-4C6B-98CF-9FFF8BF58EC1}
		{EACFCC69-3FC1-410B-BAFC-9B6D96AA5B0B} = {23AE586E-C2DC-4C6B-98CF-9FFF8BF58EC1}
	EndGlobalSection
EndGlobal
